// !$*UTF8*$!
{
	archiveVersion = 1;
	classes = {
	};
	objectVersion = 48;
	objects = {

/* Begin PBXBuildFile section */
		2922ED4F203413660027CC5D /* SceneTableViewController.m in Sources */ = {isa = PBXBuildFile; fileRef = 2922ED4E203413660027CC5D /* SceneTableViewController.m */; };
		29E959B42033EA7E00A1E082 /* AppDelegate.m in Sources */ = {isa = PBXBuildFile; fileRef = 29E959B32033EA7E00A1E082 /* AppDelegate.m */; };
		29E959B72033EA7E00A1E082 /* ViewController.m in Sources */ = {isa = PBXBuildFile; fileRef = 29E959B62033EA7E00A1E082 /* ViewController.m */; };
		29E959BA2033EA7E00A1E082 /* Main.storyboard in Resources */ = {isa = PBXBuildFile; fileRef = 29E959B82033EA7E00A1E082 /* Main.storyboard */; };
		29E959BC2033EA7E00A1E082 /* Assets.xcassets in Resources */ = {isa = PBXBuildFile; fileRef = 29E959BB2033EA7E00A1E082 /* Assets.xcassets */; };
		29E959BF2033EA7E00A1E082 /* LaunchScreen.storyboard in Resources */ = {isa = PBXBuildFile; fileRef = 29E959BD2033EA7E00A1E082 /* LaunchScreen.storyboard */; };
		29E959C22033EA7E00A1E082 /* main.m in Sources */ = {isa = PBXBuildFile; fileRef = 29E959C12033EA7E00A1E082 /* main.m */; };
/* End PBXBuildFile section */

/* Begin PBXFileReference section */
		2922ED4D203413660027CC5D /* SceneTableViewController.h */ = {isa = PBXFileReference; lastKnownFileType = sourcecode.c.h; path = SceneTableViewController.h; sourceTree = "<group>"; };
		2922ED4E203413660027CC5D /* SceneTableViewController.m */ = {isa = PBXFileReference; lastKnownFileType = sourcecode.c.objc; path = SceneTableViewController.m; sourceTree = "<group>"; };
		29E959AF2033EA7E00A1E082 /* ios_sample_proj.app */ = {isa = PBXFileReference; explicitFileType = wrapper.application; includeInIndex = 0; path = ios_sample_proj.app; sourceTree = BUILT_PRODUCTS_DIR; };
		29E959B22033EA7E00A1E082 /* AppDelegate.h */ = {isa = PBXFileReference; lastKnownFileType = sourcecode.c.h; path = AppDelegate.h; sourceTree = "<group>"; };
		29E959B32033EA7E00A1E082 /* AppDelegate.m */ = {isa = PBXFileReference; lastKnownFileType = sourcecode.c.objc; path = AppDelegate.m; sourceTree = "<group>"; };
		29E959B52033EA7E00A1E082 /* ViewController.h */ = {isa = PBXFileReference; lastKnownFileType = sourcecode.c.h; path = ViewController.h; sourceTree = "<group>"; };
		29E959B62033EA7E00A1E082 /* ViewController.m */ = {isa = PBXFileReference; lastKnownFileType = sourcecode.c.objc; path = ViewController.m; sourceTree = "<group>"; };
		29E959B92033EA7E00A1E082 /* Base */ = {isa = PBXFileReference; lastKnownFileType = file.storyboard; name = Base; path = Base.lproj/Main.storyboard; sourceTree = "<group>"; };
		29E959BB2033EA7E00A1E082 /* Assets.xcassets */ = {isa = PBXFileReference; lastKnownFileType = folder.assetcatalog; path = Assets.xcassets; sourceTree = "<group>"; };
		29E959BE2033EA7E00A1E082 /* Base */ = {isa = PBXFileReference; lastKnownFileType = file.storyboard; name = Base; path = Base.lproj/LaunchScreen.storyboard; sourceTree = "<group>"; };
		29E959C02033EA7E00A1E082 /* Info.plist */ = {isa = PBXFileReference; lastKnownFileType = text.plist.xml; path = Info.plist; sourceTree = "<group>"; };
		29E959C12033EA7E00A1E082 /* main.m */ = {isa = PBXFileReference; lastKnownFileType = sourcecode.c.objc; path = main.m; sourceTree = "<group>"; };
/* End PBXFileReference section */

/* Begin PBXFrameworksBuildPhase section */
		29E959AC2033EA7E00A1E082 /* Frameworks */ = {
			isa = PBXFrameworksBuildPhase;
			buildActionMask = 2147483647;
			files = (
			);
			runOnlyForDeploymentPostprocessing = 0;
		};
/* End PBXFrameworksBuildPhase section */

/* Begin PBXGroup section */
		29E959A62033EA7E00A1E082 = {
			isa = PBXGroup;
			children = (
				29E959B12033EA7E00A1E082 /* ios_sample_proj */,
				29E959B02033EA7E00A1E082 /* Products */,
			);
			sourceTree = "<group>";
		};
		29E959B02033EA7E00A1E082 /* Products */ = {
			isa = PBXGroup;
			children = (
				29E959AF2033EA7E00A1E082 /* ios_sample_proj.app */,
			);
			name = Products;
			sourceTree = "<group>";
		};
		29E959B12033EA7E00A1E082 /* ios_sample_proj */ = {
			isa = PBXGroup;
			children = (
				29E959C12033EA7E00A1E082 /* main.m */,
				29E959B22033EA7E00A1E082 /* AppDelegate.h */,
				29E959B32033EA7E00A1E082 /* AppDelegate.m */,
				29E959B82033EA7E00A1E082 /* Main.storyboard */,
				2922ED4D203413660027CC5D /* SceneTableViewController.h */,
				2922ED4E203413660027CC5D /* SceneTableViewController.m */,
				29E959B52033EA7E00A1E082 /* ViewController.h */,
				29E959B62033EA7E00A1E082 /* ViewController.m */,
				29E959BD2033EA7E00A1E082 /* LaunchScreen.storyboard */,
				29E959BB2033EA7E00A1E082 /* Assets.xcassets */,
				29E959C02033EA7E00A1E082 /* Info.plist */,
			);
			path = ios_sample_proj;
			sourceTree = "<group>";
		};
/* End PBXGroup section */

/* Begin PBXNativeTarget section */
		29E959AE2033EA7E00A1E082 /* ios_sample_proj */ = {
			isa = PBXNativeTarget;
			buildConfigurationList = 29E959C52033EA7E00A1E082 /* Build configuration list for PBXNativeTarget "ios_sample_proj" */;
			buildPhases = (
				29E959AB2033EA7E00A1E082 /* Sources */,
				29E959AC2033EA7E00A1E082 /* Frameworks */,
				29E959AD2033EA7E00A1E082 /* Resources */,
			);
			buildRules = (
			);
			dependencies = (
			);
			name = ios_sample_proj;
			productName = ios_sample_proj;
			productReference = 29E959AF2033EA7E00A1E082 /* ios_sample_proj.app */;
			productType = "com.apple.product-type.application";
		};
/* End PBXNativeTarget section */

/* Begin PBXProject section */
		29E959A72033EA7E00A1E082 /* Project object */ = {
			isa = PBXProject;
			attributes = {
				LastUpgradeCheck = 0900;
				ORGANIZATIONNAME = KyosJhong;
				TargetAttributes = {
					29E959AE2033EA7E00A1E082 = {
						CreatedOnToolsVersion = 9.0;
						ProvisioningStyle = Automatic;
					};
				};
			};
			buildConfigurationList = 29E959AA2033EA7E00A1E082 /* Build configuration list for PBXProject "ios_sample_proj" */;
			compatibilityVersion = "Xcode 8.0";
			developmentRegion = en;
			hasScannedForEncodings = 0;
			knownRegions = (
				en,
				Base,
			);
			mainGroup = 29E959A62033EA7E00A1E082;
			productRefGroup = 29E959B02033EA7E00A1E082 /* Products */;
			projectDirPath = "";
			projectRoot = "";
			targets = (
				29E959AE2033EA7E00A1E082 /* ios_sample_proj */,
			);
		};
/* End PBXProject section */

/* Begin PBXResourcesBuildPhase section */
		29E959AD2033EA7E00A1E082 /* Resources */ = {
			isa = PBXResourcesBuildPhase;
			buildActionMask = 2147483647;
			files = (
				29E959BF2033EA7E00A1E082 /* LaunchScreen.storyboard in Resources */,
				29E959BC2033EA7E00A1E082 /* Assets.xcassets in Resources */,
				29E959BA2033EA7E00A1E082 /* Main.storyboard in Resources */,
			);
			runOnlyForDeploymentPostprocessing = 0;
		};
/* End PBXResourcesBuildPhase section */

/* Begin PBXSourcesBuildPhase section */
		29E959AB2033EA7E00A1E082 /* Sources */ = {
			isa = PBXSourcesBuildPhase;
			buildActionMask = 2147483647;
			files = (
				29E959B72033EA7E00A1E082 /* ViewController.m in Sources */,
				29E959C22033EA7E00A1E082 /* main.m in Sources */,
				2922ED4F203413660027CC5D /* SceneTableViewController.m in Sources */,
				29E959B42033EA7E00A1E082 /* AppDelegate.m in Sources */,
			);
			runOnlyForDeploymentPostprocessing = 0;
		};
/* End PBXSourcesBuildPhase section */

/* Begin PBXVariantGroup section */
		29E959B82033EA7E00A1E082 /* Main.storyboard */ = {
			isa = PBXVariantGroup;
			children = (
				29E959B92033EA7E00A1E082 /* Base */,
			);
			name = Main.storyboard;
			sourceTree = "<group>";
		};
		29E959BD2033EA7E00A1E082 /* LaunchScreen.storyboard */ = {
			isa = PBXVariantGroup;
			children = (
				29E959BE2033EA7E00A1E082 /* Base */,
			);
			name = LaunchScreen.storyboard;
			sourceTree = "<group>";
		};
/* End PBXVariantGroup section */

/* Begin XCBuildConfiguration section */
		29E959C32033EA7E00A1E082 /* Debug */ = {
			isa = XCBuildConfiguration;
			buildSettings = {
				ALWAYS_SEARCH_USER_PATHS = NO;
				CLANG_ANALYZER_NONNULL = YES;
				CLANG_ANALYZER_NUMBER_OBJECT_CONVERSION = YES_AGGRESSIVE;
				CLANG_CXX_LANGUAGE_STANDARD = "gnu++14";
				CLANG_CXX_LIBRARY = "libc++";
				CLANG_ENABLE_MODULES = YES;
				CLANG_ENABLE_OBJC_ARC = YES;
				CLANG_WARN_BLOCK_CAPTURE_AUTORELEASING = YES;
				CLANG_WARN_BOOL_CONVERSION = YES;
				CLANG_WARN_COMMA = YES;
				CLANG_WARN_CONSTANT_CONVERSION = YES;
				CLANG_WARN_DIRECT_OBJC_ISA_USAGE = YES_ERROR;
				CLANG_WARN_DOCUMENTATION_COMMENTS = YES;
				CLANG_WARN_EMPTY_BODY = YES;
				CLANG_WARN_ENUM_CONVERSION = YES;
				CLANG_WARN_INFINITE_RECURSION = YES;
				CLANG_WARN_INT_CONVERSION = YES;
				CLANG_WARN_NON_LITERAL_NULL_CONVERSION = YES;
				CLANG_WARN_OBJC_LITERAL_CONVERSION = YES;
				CLANG_WARN_OBJC_ROOT_CLASS = YES_ERROR;
				CLANG_WARN_RANGE_LOOP_ANALYSIS = YES;
				CLANG_WARN_STRICT_PROTOTYPES = YES;
				CLANG_WARN_SUSPICIOUS_MOVE = YES;
				CLANG_WARN_UNGUARDED_AVAILABILITY = YES_AGGRESSIVE;
				CLANG_WARN_UNREACHABLE_CODE = YES;
				CLANG_WARN__DUPLICATE_METHOD_MATCH = YES;
				CODE_SIGN_IDENTITY = "iPhone Developer";
				COPY_PHASE_STRIP = NO;
				DEBUG_INFORMATION_FORMAT = dwarf;
				ENABLE_STRICT_OBJC_MSGSEND = YES;
				ENABLE_TESTABILITY = YES;
				GCC_C_LANGUAGE_STANDARD = gnu11;
				GCC_DYNAMIC_NO_PIC = NO;
				GCC_NO_COMMON_BLOCKS = YES;
				GCC_OPTIMIZATION_LEVEL = 0;
				GCC_PREPROCESSOR_DEFINITIONS = (
					"DEBUG=1",
					"$(inherited)",
				);
				GCC_WARN_64_TO_32_BIT_CONVERSION = YES;
				GCC_WARN_ABOUT_RETURN_TYPE = YES_ERROR;
				GCC_WARN_UNDECLARED_SELECTOR = YES;
				GCC_WARN_UNINITIALIZED_AUTOS = YES_AGGRESSIVE;
				GCC_WARN_UNUSED_FUNCTION = YES;
				GCC_WARN_UNUSED_VARIABLE = YES;
				IPHONEOS_DEPLOYMENT_TARGET = 11.0;
				MTL_ENABLE_DEBUG_INFO = YES;
				ONLY_ACTIVE_ARCH = YES;
				SDKROOT = iphoneos;
			};
			name = Debug;
		};
		29E959C42033EA7E00A1E082 /* Release */ = {
			isa = XCBuildConfiguration;
			buildSettings = {
				ALWAYS_SEARCH_USER_PATHS = NO;
				CLANG_ANALYZER_NONNULL = YES;
				CLANG_ANALYZER_NUMBER_OBJECT_CONVERSION = YES_AGGRESSIVE;
				CLANG_CXX_LANGUAGE_STANDARD = "gnu++14";
				CLANG_CXX_LIBRARY = "libc++";
				CLANG_ENABLE_MODULES = YES;
				CLANG_ENABLE_OBJC_ARC = YES;
				CLANG_WARN_BLOCK_CAPTURE_AUTORELEASING = YES;
				CLANG_WARN_BOOL_CONVERSION = YES;
				CLANG_WARN_COMMA = YES;
				CLANG_WARN_CONSTANT_CONVERSION = YES;
				CLANG_WARN_DIRECT_OBJC_ISA_USAGE = YES_ERROR;
				CLANG_WARN_DOCUMENTATION_COMMENTS = YES;
				CLANG_WARN_EMPTY_BODY = YES;
				CLANG_WARN_ENUM_CONVERSION = YES;
				CLANG_WARN_INFINITE_RECURSION = YES;
				CLANG_WARN_INT_CONVERSION = YES;
				CLANG_WARN_NON_LITERAL_NULL_CONVERSION = YES;
				CLANG_WARN_OBJC_LITERAL_CONVERSION = YES;
				CLANG_WARN_OBJC_ROOT_CLASS = YES_ERROR;
				CLANG_WARN_RANGE_LOOP_ANALYSIS = YES;
				CLANG_WARN_STRICT_PROTOTYPES = YES;
				CLANG_WARN_SUSPICIOUS_MOVE = YES;
				CLANG_WARN_UNGUARDED_AVAILABILITY = YES_AGGRESSIVE;
				CLANG_WARN_UNREACHABLE_CODE = YES;
				CLANG_WARN__DUPLICATE_METHOD_MATCH = YES;
				CODE_SIGN_IDENTITY = "iPhone Developer";
				COPY_PHASE_STRIP = NO;
				DEBUG_INFORMATION_FORMAT = "dwarf-with-dsym";
				ENABLE_NS_ASSERTIONS = NO;
				ENABLE_STRICT_OBJC_MSGSEND = YES;
				GCC_C_LANGUAGE_STANDARD = gnu11;
				GCC_NO_COMMON_BLOCKS = YES;
				GCC_WARN_64_TO_32_BIT_CONVERSION = YES;
				GCC_WARN_ABOUT_RETURN_TYPE = YES_ERROR;
				GCC_WARN_UNDECLARED_SELECTOR = YES;
				GCC_WARN_UNINITIALIZED_AUTOS = YES_AGGRESSIVE;
				GCC_WARN_UNUSED_FUNCTION = YES;
				GCC_WARN_UNUSED_VARIABLE = YES;
				IPHONEOS_DEPLOYMENT_TARGET = 11.0;
				MTL_ENABLE_DEBUG_INFO = NO;
				SDKROOT = iphoneos;
				VALIDATE_PRODUCT = YES;
			};
			name = Release;
		};
		29E959C62033EA7E00A1E082 /* Debug */ = {
			isa = XCBuildConfiguration;
			buildSettings = {
				ASSETCATALOG_COMPILER_APPICON_NAME = AppIcon;
				CODE_SIGN_STYLE = Automatic;
				DEVELOPMENT_TEAM = Z893JWGS7C;
				INFOPLIST_FILE = ios_sample_proj/Info.plist;
				LD_RUNPATH_SEARCH_PATHS = "$(inherited) @executable_path/Frameworks";
				PRODUCT_BUNDLE_IDENTIFIER = "KyosJhong.ios-sample-proj";
				PRODUCT_NAME = "$(TARGET_NAME)";
				TARGETED_DEVICE_FAMILY = "1,2";
			};
			name = Debug;
		};
		29E959C72033EA7E00A1E082 /* Release */ = {
			isa = XCBuildConfiguration;
			buildSettings = {
				ASSETCATALOG_COMPILER_APPICON_NAME = AppIcon;
				CODE_SIGN_STYLE = Automatic;
				DEVELOPMENT_TEAM = Z893JWGS7C;
				INFOPLIST_FILE = ios_sample_proj/Info.plist;
				LD_RUNPATH_SEARCH_PATHS = "$(inherited) @executable_path/Frameworks";
				PRODUCT_BUNDLE_IDENTIFIER = "KyosJhong.ios-sample-proj";
				PRODUCT_NAME = "$(TARGET_NAME)";
				TARGETED_DEVICE_FAMILY = "1,2";
			};
			name = Release;
		};
/* End XCBuildConfiguration section */

/* Begin XCConfigurationList section */
		29E959AA2033EA7E00A1E082 /* Build configuration list for PBXProject "ios_sample_proj" */ = {
			isa = XCConfigurationList;
			buildConfigurations = (
				29E959C32033EA7E00A1E082 /* Debug */,
				29E959C42033EA7E00A1E082 /* Release */,
			);
			defaultConfigurationIsVisible = 0;
			defaultConfigurationName = Release;
		};
		29E959C52033EA7E00A1E082 /* Build configuration list for PBXNativeTarget "ios_sample_proj" */ = {
			isa = XCConfigurationList;
			buildConfigurations = (
				29E959C62033EA7E00A1E082 /* Debug */,
				29E959C72033EA7E00A1E082 /* Release */,
			);
			defaultConfigurationIsVisible = 0;
			defaultConfigurationName = Release;
		};
/* End XCConfigurationList section */
	};
	rootObject = 29E959A72033EA7E00A1E082 /* Project object */;
}
